
Microsoft Visual Studio Solution File, Format Version 12.00
# Visual Studio Version 16
VisualStudioVersion = 16.0.32802.440
MinimumVisualStudioVersion = 10.0.40219.1
Project("{8BC9CEB8-8B4A-11D0-8D11-00A0C91BC942}") = "Homework0926", "Homework0926.vcxproj", "{A61CC6D8-B972-4CFF-9260-36D56BBBA8F7}"
EndProject
Global
	GlobalSection(SolutionConfigurationPlatforms) = preSolution
		Debug|x64 = Debug|x64
		Debug|x86 = Debug|x86
		Release|x64 = Release|x64
		Release|x86 = Release|x86
	EndGlobalSection
	GlobalSection(ProjectConfigurationPlatforms) = postSolution
		{A61CC6D8-B972-4CFF-9260-36D56BBBA8F7}.Debug|x64.ActiveCfg = Debug|x64
		{A61CC6D8-B972-4CFF-9260-36D56BBBA8F7}.Debug|x64.Build.0 = Debug|x64
		{A61CC6D8-B972-4CFF-9260-36D56BBBA8F7}.Debug|x86.ActiveCfg = Debug|Win32
		{A61CC6D8-B972-4CFF-9260-36D56BBBA8F7}.Debug|x86.Build.0 = Debug|Win32
		{A61CC6D8-B972-4CFF-9260-36D56BBBA8F7}.Release|x64.ActiveCfg = Release|x64
		{A61CC6D8-B972-4CFF-9260-36D56BBBA8F7}.Release|x64.Build.0 = Release|x64
		{A61CC6D8-B972-4CFF-9260-36D56BBBA8F7}.Release|x86.ActiveCfg = Release|Win32
		{A61CC6D8-B972-4CFF-9260-36D56BBBA8F7}.Release|x86.Build.0 = Release|Win32
	EndGlobalSection
	GlobalSection(SolutionProperties) = preSolution
		HideSolutionNode = FALSE
	EndGlobalSection
	GlobalSection(ExtensibilityGlobals) = postSolution
		SolutionGuid = {3814D3D5-6103-4DEC-8B7D-7BFF705A73E8}
	EndGlobalSection
EndGlobal
